
Microsoft Visual Studio Solution File, Format Version 12.00
# Visual Studio Version 16
VisualStudioVersion = 16.0.31129.286
MinimumVisualStudioVersion = 10.0.40219.1
Project("{FAE04EC0-301F-11D3-BF4B-00C04F79EFBC}") = "Task 1", "Task 1\Task 1.csproj", "{8EB5E4D8-C805-4F9F-B277-940604119F65}"
EndProject
Project("{FAE04EC0-301F-11D3-BF4B-00C04F79EFBC}") = "Task 2", "Task 2\Task 2.csproj", "{6A209F1B-9417-470D-B1F1-5456FF11A94A}"
EndProject
Project("{FAE04EC0-301F-11D3-BF4B-00C04F79EFBC}") = "Task 3", "Task 3\Task 3.csproj", "{FF23C679-A5BF-4045-A2C6-4EDC4EB1D18F}"
EndProject
Project("{FAE04EC0-301F-11D3-BF4B-00C04F79EFBC}") = "Task 4", "Task 4\Task 4.csproj", "{5713481F-0FE1-4480-9A93-035ABF4EF6D4}"
EndProject
Project("{FAE04EC0-301F-11D3-BF4B-00C04F79EFBC}") = "Task 5", "Task 5\Task 5.csproj", "{FAF37BDC-7B14-4B37-BD0D-4FAD43B39619}"
EndProject
Project("{FAE04EC0-301F-11D3-BF4B-00C04F79EFBC}") = "Task 6", "Task 6\Task 6.csproj", "{1BDB2CA6-1BBC-4AF7-BFA9-DF05936A02AB}"
EndProject
Global
	GlobalSection(SolutionConfigurationPlatforms) = preSolution
		Debug|Any CPU = Debug|Any CPU
		Release|Any CPU = Release|Any CPU
	EndGlobalSection
	GlobalSection(ProjectConfigurationPlatforms) = postSolution
		{8EB5E4D8-C805-4F9F-B277-940604119F65}.Debug|Any CPU.ActiveCfg = Debug|Any CPU
		{8EB5E4D8-C805-4F9F-B277-940604119F65}.Debug|Any CPU.Build.0 = Debug|Any CPU
		{8EB5E4D8-C805-4F9F-B277-940604119F65}.Release|Any CPU.ActiveCfg = Release|Any CPU
		{8EB5E4D8-C805-4F9F-B277-940604119F65}.Release|Any CPU.Build.0 = Release|Any CPU
		{6A209F1B-9417-470D-B1F1-5456FF11A94A}.Debug|Any CPU.ActiveCfg = Debug|Any CPU
		{6A209F1B-9417-470D-B1F1-5456FF11A94A}.Debug|Any CPU.Build.0 = Debug|Any CPU
		{6A209F1B-9417-470D-B1F1-5456FF11A94A}.Release|Any CPU.ActiveCfg = Release|Any CPU
		{6A209F1B-9417-470D-B1F1-5456FF11A94A}.Release|Any CPU.Build.0 = Release|Any CPU
		{FF23C679-A5BF-4045-A2C6-4EDC4EB1D18F}.Debug|Any CPU.ActiveCfg = Debug|Any CPU
		{FF23C679-A5BF-4045-A2C6-4EDC4EB1D18F}.Debug|Any CPU.Build.0 = Debug|Any CPU
		{FF23C679-A5BF-4045-A2C6-4EDC4EB1D18F}.Release|Any CPU.ActiveCfg = Release|Any CPU
		{FF23C679-A5BF-4045-A2C6-4EDC4EB1D18F}.Release|Any CPU.Build.0 = Release|Any CPU
		{5713481F-0FE1-4480-9A93-035ABF4EF6D4}.Debug|Any CPU.ActiveCfg = Debug|Any CPU
		{5713481F-0FE1-4480-9A93-035ABF4EF6D4}.Debug|Any CPU.Build.0 = Debug|Any CPU
		{5713481F-0FE1-4480-9A93-035ABF4EF6D4}.Release|Any CPU.ActiveCfg = Release|Any CPU
		{5713481F-0FE1-4480-9A93-035ABF4EF6D4}.Release|Any CPU.Build.0 = Release|Any CPU
		{FAF37BDC-7B14-4B37-BD0D-4FAD43B39619}.Debug|Any CPU.ActiveCfg = Debug|Any CPU
		{FAF37BDC-7B14-4B37-BD0D-4FAD43B39619}.Debug|Any CPU.Build.0 = Debug|Any CPU
		{FAF37BDC-7B14-4B37-BD0D-4FAD43B39619}.Release|Any CPU.ActiveCfg = Release|Any CPU
		{FAF37BDC-7B14-4B37-BD0D-4FAD43B39619}.Release|Any CPU.Build.0 = Release|Any CPU
		{1BDB2CA6-1BBC-4AF7-BFA9-DF05936A02AB}.Debug|Any CPU.ActiveCfg = Debug|Any CPU
		{1BDB2CA6-1BBC-4AF7-BFA9-DF05936A02AB}.Debug|Any CPU.Build.0 = Debug|Any CPU
		{1BDB2CA6-1BBC-4AF7-BFA9-DF05936A02AB}.Release|Any CPU.ActiveCfg = Release|Any CPU
		{1BDB2CA6-1BBC-4AF7-BFA9-DF05936A02AB}.Release|Any CPU.Build.0 = Release|Any CPU
	EndGlobalSection
	GlobalSection(SolutionProperties) = preSolution
		HideSolutionNode = FALSE
	EndGlobalSection
	GlobalSection(ExtensibilityGlobals) = postSolution
		SolutionGuid = {0CAC7EA1-1E8B-4E12-A6D8-6A52918218CC}
	EndGlobalSection
EndGlobal
