
Microsoft Visual Studio Solution File, Format Version 12.00
# Visual Studio Version 16
VisualStudioVersion = 16.0.31129.286
MinimumVisualStudioVersion = 10.0.40219.1
Project("{FAE04EC0-301F-11D3-BF4B-00C04F79EFBC}") = "SEDC.CSharpOop.Class07.Exercise01", "SEDC.CSharpOop.Class07.Exercise01\SEDC.CSharpOop.Class07.Exercise01.csproj", "{FA79A3BC-A4E1-49BC-A06A-42DA50A4E470}"
EndProject
Project("{FAE04EC0-301F-11D3-BF4B-00C04F79EFBC}") = "Classes", "Classes\Classes.csproj", "{E5B3D4BA-9E6F-463D-948A-7184A8FB61B0}"
EndProject
Global
	GlobalSection(SolutionConfigurationPlatforms) = preSolution
		Debug|Any CPU = Debug|Any CPU
		Release|Any CPU = Release|Any CPU
	EndGlobalSection
	GlobalSection(ProjectConfigurationPlatforms) = postSolution
		{FA79A3BC-A4E1-49BC-A06A-42DA50A4E470}.Debug|Any CPU.ActiveCfg = Debug|Any CPU
		{FA79A3BC-A4E1-49BC-A06A-42DA50A4E470}.Debug|Any CPU.Build.0 = Debug|Any CPU
		{FA79A3BC-A4E1-49BC-A06A-42DA50A4E470}.Release|Any CPU.ActiveCfg = Release|Any CPU
		{FA79A3BC-A4E1-49BC-A06A-42DA50A4E470}.Release|Any CPU.Build.0 = Release|Any CPU
		{E5B3D4BA-9E6F-463D-948A-7184A8FB61B0}.Debug|Any CPU.ActiveCfg = Debug|Any CPU
		{E5B3D4BA-9E6F-463D-948A-7184A8FB61B0}.Debug|Any CPU.Build.0 = Debug|Any CPU
		{E5B3D4BA-9E6F-463D-948A-7184A8FB61B0}.Release|Any CPU.ActiveCfg = Release|Any CPU
		{E5B3D4BA-9E6F-463D-948A-7184A8FB61B0}.Release|Any CPU.Build.0 = Release|Any CPU
	EndGlobalSection
	GlobalSection(SolutionProperties) = preSolution
		HideSolutionNode = FALSE
	EndGlobalSection
	GlobalSection(ExtensibilityGlobals) = postSolution
		SolutionGuid = {C46EF434-9981-4879-B9AA-DE1693045C01}
	EndGlobalSection
EndGlobal
